
Microsoft Visual Studio Solution File, Format Version 12.00
# Visual Studio 15
VisualStudioVersion = 15.0.28307.106
MinimumVisualStudioVersion = 10.0.40219.1
Project("{FAE04EC0-301F-11D3-BF4B-00C04F79EFBC}") = "NHL_Application_Backend", "NHL_Application_Backend\NHL_Application_Backend.csproj", "{7511F2A6-0F98-44E1-BAC6-77E8AEAB85A3}"
EndProject
Global
	GlobalSection(SolutionConfigurationPlatforms) = preSolution
		Debug|Any CPU = Debug|Any CPU
		Release|Any CPU = Release|Any CPU
	EndGlobalSection
	GlobalSection(ProjectConfigurationPlatforms) = postSolution
		{7511F2A6-0F98-44E1-BAC6-77E8AEAB85A3}.Debug|Any CPU.ActiveCfg = Debug|Any CPU
		{7511F2A6-0F98-44E1-BAC6-77E8AEAB85A3}.Debug|Any CPU.Build.0 = Debug|Any CPU
		{7511F2A6-0F98-44E1-BAC6-77E8AEAB85A3}.Release|Any CPU.ActiveCfg = Release|Any CPU
		{7511F2A6-0F98-44E1-BAC6-77E8AEAB85A3}.Release|Any CPU.Build.0 = Release|Any CPU
	EndGlobalSection
	GlobalSection(SolutionProperties) = preSolution
		HideSolutionNode = FALSE
	EndGlobalSection
	GlobalSection(ExtensibilityGlobals) = postSolution
		SolutionGuid = {E474C2B9-C202-46E7-9ED0-DD6F53A22FBA}
	EndGlobalSection
EndGlobal
